
Microsoft Visual Studio Solution File, Format Version 12.00
# Visual Studio Version 16
VisualStudioVersion = 16.0.32602.291
MinimumVisualStudioVersion = 10.0.40219.1
Project("{9A19103F-16F7-4668-BE54-9A1E7A4F7556}") = "Bulbs", "ConsoleApp9\Bulbs.csproj", "{075702CD-3D4D-4724-9CF0-AF2FB1BD1C12}"
EndProject
Global
	GlobalSection(SolutionConfigurationPlatforms) = preSolution
		Debug|Any CPU = Debug|Any CPU
		Release|Any CPU = Release|Any CPU
	EndGlobalSection
	GlobalSection(ProjectConfigurationPlatforms) = postSolution
		{075702CD-3D4D-4724-9CF0-AF2FB1BD1C12}.Debug|Any CPU.ActiveCfg = Debug|Any CPU
		{075702CD-3D4D-4724-9CF0-AF2FB1BD1C12}.Debug|Any CPU.Build.0 = Debug|Any CPU
		{075702CD-3D4D-4724-9CF0-AF2FB1BD1C12}.Release|Any CPU.ActiveCfg = Release|Any CPU
		{075702CD-3D4D-4724-9CF0-AF2FB1BD1C12}.Release|Any CPU.Build.0 = Release|Any CPU
	EndGlobalSection
	GlobalSection(SolutionProperties) = preSolution
		HideSolutionNode = FALSE
	EndGlobalSection
	GlobalSection(ExtensibilityGlobals) = postSolution
		SolutionGuid = {3EA38567-98A2-4E55-B195-3DDEABE30D5D}
	EndGlobalSection
EndGlobal
